{
  "version": 4,
  "terraform_version": "1.4.2",
  "serial": 84,
  "lineage": "980446f5-a2f3-c945-023b-0a0dd8bfa3e4",
  "outputs": {},
  "resources": [
    {
      "module": "module.application_load_balancer",
      "mode": "managed",
      "type": "aws_lb",
      "name": "aws-application_load_balancer",
      "provider": "provider[\"registry.terraform.io/hashicorp/aws\"]",
      "instances": [
        {
          "schema_version": 0,
          "attributes": {
            "access_logs": [
              {
                "bucket": "",
                "enabled": false,
                "prefix": ""
              }
            ],
            "arn": "arn:aws:elasticloadbalancing:eu-west-2:525427866192:loadbalancer/app/sanjeeb-aws-alb/2a876d68a19e8b02",
            "arn_suffix": "app/sanjeeb-aws-alb/2a876d68a19e8b02",
            "customer_owned_ipv4_pool": "",
            "desync_mitigation_mode": "defensive",
            "dns_name": "sanjeeb-aws-alb-213250707.eu-west-2.elb.amazonaws.com",
            "drop_invalid_header_fields": false,
            "enable_cross_zone_load_balancing": true,
            "enable_deletion_protection": false,
            "enable_http2": true,
            "enable_tls_version_and_cipher_suite_headers": false,
            "enable_waf_fail_open": false,
            "enable_xff_client_port": false,
            "id": "arn:aws:elasticloadbalancing:eu-west-2:525427866192:loadbalancer/app/sanjeeb-aws-alb/2a876d68a19e8b02",
            "idle_timeout": 60,
            "internal": false,
            "ip_address_type": "ipv4",
            "load_balancer_type": "application",
            "name": "sanjeeb-aws-alb",
            "name_prefix": null,
            "preserve_host_header": false,
            "security_groups": [
              "sg-0fe65cc854c6b11a3"
            ],
            "subnet_mapping": [
              {
                "allocation_id": "",
                "ipv6_address": "",
                "outpost_id": "",
                "private_ipv4_address": "",
                "subnet_id": "subnet-04676c22b10a3dfdb"
              },
              {
                "allocation_id": "",
                "ipv6_address": "",
                "outpost_id": "",
                "private_ipv4_address": "",
                "subnet_id": "subnet-0525edbadfb0fa735"
              },
              {
                "allocation_id": "",
                "ipv6_address": "",
                "outpost_id": "",
                "private_ipv4_address": "",
                "subnet_id": "subnet-0fb5e2ba3eb0f5b96"
              }
            ],
            "subnets": [
              "subnet-04676c22b10a3dfdb",
              "subnet-0525edbadfb0fa735",
              "subnet-0fb5e2ba3eb0f5b96"
            ],
            "tags": {
              "Name": "sanjeeb-aws-alb"
            },
            "tags_all": {
              "Name": "sanjeeb-aws-alb"
            },
            "timeouts": null,
            "vpc_id": "vpc-0cbe35c5065ae7491",
            "xff_header_processing_mode": "append",
            "zone_id": "ZHURV8PSTC4K8"
          },
          "sensitive_attributes": [],
          "private": "eyJlMmJmYjczMC1lY2FhLTExZTYtOGY4OC0zNDM2M2JjN2M0YzAiOnsiY3JlYXRlIjo2MDAwMDAwMDAwMDAsImRlbGV0ZSI6NjAwMDAwMDAwMDAwLCJ1cGRhdGUiOjYwMDAwMDAwMDAwMH19",
          "dependencies": [
            "module.security_group.aws_security_group.aws-sg-load-balancer",
            "module.vpc.aws_default_subnet.default_az1",
            "module.vpc.aws_default_subnet.default_az2",
            "module.vpc.aws_default_subnet.default_az3",
            "module.vpc.aws_default_vpc.default"
          ]
        }
      ]
    },
    {
      "module": "module.application_load_balancer",
      "mode": "managed",
      "type": "aws_lb_listener",
      "name": "alb_http_listener",
      "provider": "provider[\"registry.terraform.io/hashicorp/aws\"]",
      "instances": [
        {
          "schema_version": 0,
          "attributes": {
            "alpn_policy": null,
            "arn": "arn:aws:elasticloadbalancing:eu-west-2:525427866192:listener/app/sanjeeb-aws-alb/2a876d68a19e8b02/2717e4976d7460cb",
            "certificate_arn": null,
            "default_action": [
              {
                "authenticate_cognito": [],
                "authenticate_oidc": [],
                "fixed_response": [],
                "forward": [],
                "order": 1,
                "redirect": [],
                "target_group_arn": "arn:aws:elasticloadbalancing:eu-west-2:525427866192:targetgroup/sanjeeb-aws-tg/4a58545cd9c9a301",
                "type": "forward"
              }
            ],
            "id": "arn:aws:elasticloadbalancing:eu-west-2:525427866192:listener/app/sanjeeb-aws-alb/2a876d68a19e8b02/2717e4976d7460cb",
            "load_balancer_arn": "arn:aws:elasticloadbalancing:eu-west-2:525427866192:loadbalancer/app/sanjeeb-aws-alb/2a876d68a19e8b02",
            "port": 80,
            "protocol": "HTTP",
            "ssl_policy": "",
            "tags": null,
            "tags_all": {},
            "timeouts": null
          },
          "sensitive_attributes": [],
          "private": "eyJlMmJmYjczMC1lY2FhLTExZTYtOGY4OC0zNDM2M2JjN2M0YzAiOnsicmVhZCI6NjAwMDAwMDAwMDAwfX0=",
          "dependencies": [
            "module.application_load_balancer.aws_lb.aws-application_load_balancer",
            "module.application_load_balancer.aws_lb_target_group.alb_target_group",
            "module.security_group.aws_security_group.aws-sg-load-balancer",
            "module.vpc.aws_default_subnet.default_az1",
            "module.vpc.aws_default_subnet.default_az2",
            "module.vpc.aws_default_subnet.default_az3",
            "module.vpc.aws_default_vpc.default"
          ]
        }
      ]
    },
    {
      "module": "module.application_load_balancer",
      "mode": "managed",
      "type": "aws_lb_target_group",
      "name": "alb_target_group",
      "provider": "provider[\"registry.terraform.io/hashicorp/aws\"]",
      "instances": [
        {
          "schema_version": 0,
          "attributes": {
            "arn": "arn:aws:elasticloadbalancing:eu-west-2:525427866192:targetgroup/sanjeeb-aws-tg/4a58545cd9c9a301",
            "arn_suffix": "targetgroup/sanjeeb-aws-tg/4a58545cd9c9a301",
            "connection_termination": false,
            "deregistration_delay": "300",
            "health_check": [
              {
                "enabled": true,
                "healthy_threshold": 5,
                "interval": 300,
                "matcher": "200",
                "path": "/",
                "port": "traffic-port",
                "protocol": "HTTP",
                "timeout": 60,
                "unhealthy_threshold": 5
              }
            ],
            "id": "arn:aws:elasticloadbalancing:eu-west-2:525427866192:targetgroup/sanjeeb-aws-tg/4a58545cd9c9a301",
            "ip_address_type": "ipv4",
            "lambda_multi_value_headers_enabled": false,
            "load_balancing_algorithm_type": "round_robin",
            "load_balancing_cross_zone_enabled": "use_load_balancer_configuration",
            "name": "sanjeeb-aws-tg",
            "name_prefix": null,
            "port": 80,
            "preserve_client_ip": null,
            "protocol": "HTTP",
            "protocol_version": "HTTP1",
            "proxy_protocol_v2": false,
            "slow_start": 0,
            "stickiness": [
              {
                "cookie_duration": 86400,
                "cookie_name": "",
                "enabled": false,
                "type": "lb_cookie"
              }
            ],
            "tags": null,
            "tags_all": {},
            "target_failover": [
              {
                "on_deregistration": null,
                "on_unhealthy": null
              }
            ],
            "target_type": "instance",
            "vpc_id": "vpc-0cbe35c5065ae7491"
          },
          "sensitive_attributes": [],
          "private": "bnVsbA==",
          "dependencies": [
            "module.vpc.aws_default_vpc.default"
          ],
          "create_before_destroy": true
        }
      ]
    },
    {
      "module": "module.auto_scaling_group",
      "mode": "data",
      "type": "aws_ami",
      "name": "amazon-linux-2",
      "provider": "provider[\"registry.terraform.io/hashicorp/aws\"]",
      "instances": [
        {
          "schema_version": 0,
          "attributes": {
            "architecture": "x86_64",
            "arn": "arn:aws:ec2:eu-west-2::image/ami-0af46197a872cda03",
            "block_device_mappings": [
              {
                "device_name": "/dev/xvda",
                "ebs": {
                  "delete_on_termination": "true",
                  "encrypted": "false",
                  "iops": "0",
                  "snapshot_id": "snap-05e59aeb20a389623",
                  "throughput": "0",
                  "volume_size": "8",
                  "volume_type": "gp2"
                },
                "no_device": "",
                "virtual_name": ""
              }
            ],
            "boot_mode": "",
            "creation_date": "2023-03-22T11:06:59.406Z",
            "deprecation_time": "2025-03-22T11:06:59.406Z",
            "description": "Amazon Linux 2 AMI 2.0.20230320.0 x86_64 HVM gp2",
            "ena_support": true,
            "executable_users": null,
            "filter": [
              {
                "name": "name",
                "values": [
                  "amzn2-ami-hvm*"
                ]
              }
            ],
            "hypervisor": "xen",
            "id": "ami-0af46197a872cda03",
            "image_id": "ami-0af46197a872cda03",
            "image_location": "amazon/amzn2-ami-hvm-2.0.20230320.0-x86_64-gp2",
            "image_owner_alias": "amazon",
            "image_type": "machine",
            "imds_support": "",
            "include_deprecated": false,
            "kernel_id": "",
            "most_recent": true,
            "name": "amzn2-ami-hvm-2.0.20230320.0-x86_64-gp2",
            "name_regex": null,
            "owner_id": "137112412989",
            "owners": [
              "amazon"
            ],
            "platform": "",
            "platform_details": "Linux/UNIX",
            "product_codes": [],
            "public": true,
            "ramdisk_id": "",
            "root_device_name": "/dev/xvda",
            "root_device_type": "ebs",
            "root_snapshot_id": "snap-05e59aeb20a389623",
            "sriov_net_support": "simple",
            "state": "available",
            "state_reason": {
              "code": "UNSET",
              "message": "UNSET"
            },
            "tags": {},
            "timeouts": null,
            "tpm_support": "",
            "usage_operation": "RunInstances",
            "virtualization_type": "hvm"
          },
          "sensitive_attributes": []
        }
      ]
    },
    {
      "module": "module.auto_scaling_group",
      "mode": "managed",
      "type": "aws_autoscaling_attachment",
      "name": "asg_attachment_alb",
      "provider": "provider[\"registry.terraform.io/hashicorp/aws\"]",
      "instances": [
        {
          "schema_version": 0,
          "attributes": {
            "alb_target_group_arn": null,
            "autoscaling_group_name": "terraform-20230328220827713400000002",
            "elb": null,
            "id": "terraform-20230328220827713400000002-20230328221015255700000003",
            "lb_target_group_arn": "arn:aws:elasticloadbalancing:eu-west-2:525427866192:targetgroup/sanjeeb-aws-tg/4a58545cd9c9a301"
          },
          "sensitive_attributes": [],
          "private": "bnVsbA==",
          "dependencies": [
            "module.application_load_balancer.aws_lb_target_group.alb_target_group",
            "module.auto_scaling_group.aws_autoscaling_group.aws-autoscaling-group",
            "module.auto_scaling_group.aws_launch_template.aws-launch-template",
            "module.auto_scaling_group.data.aws_ami.amazon-linux-2",
            "module.keypair.aws_key_pair.sanjeeb-aws-key-pair",
            "module.keypair.tls_private_key.rsa",
            "module.security_group.aws_security_group.aws-sg-load-balancer",
            "module.security_group.aws_security_group.aws-sg-webserver",
            "module.vpc.aws_default_vpc.default"
          ]
        }
      ]
    },
    {
      "module": "module.auto_scaling_group",
      "mode": "managed",
      "type": "aws_autoscaling_group",
      "name": "aws-autoscaling-group",
      "provider": "provider[\"registry.terraform.io/hashicorp/aws\"]",
      "instances": [
        {
          "schema_version": 0,
          "attributes": {
            "arn": "arn:aws:autoscaling:eu-west-2:525427866192:autoScalingGroup:1aba8e4f-e140-4c5a-981e-1c31e464dcf3:autoScalingGroupName/terraform-20230328220827713400000002",
            "availability_zones": [
              "eu-west-2a",
              "eu-west-2b",
              "eu-west-2c"
            ],
            "capacity_rebalance": false,
            "context": "",
            "default_cooldown": 300,
            "default_instance_warmup": 0,
            "desired_capacity": 2,
            "desired_capacity_type": "",
            "enabled_metrics": null,
            "force_delete": false,
            "force_delete_warm_pool": false,
            "health_check_grace_period": 300,
            "health_check_type": "EC2",
            "id": "terraform-20230328220827713400000002",
            "initial_lifecycle_hook": [],
            "instance_refresh": [],
            "launch_configuration": "",
            "launch_template": [
              {
                "id": "lt-0edf452d9395f1f81",
                "name": "aws-launch-template",
                "version": "$Latest"
              }
            ],
            "load_balancers": null,
            "max_instance_lifetime": 0,
            "max_size": 3,
            "metrics_granularity": "1Minute",
            "min_elb_capacity": null,
            "min_size": 2,
            "mixed_instances_policy": [],
            "name": "terraform-20230328220827713400000002",
            "name_prefix": "terraform-",
            "placement_group": "",
            "protect_from_scale_in": false,
            "service_linked_role_arn": "arn:aws:iam::525427866192:role/aws-service-role/autoscaling.amazonaws.com/AWSServiceRoleForAutoScaling",
            "suspended_processes": null,
            "tag": [],
            "tags": null,
            "target_group_arns": null,
            "termination_policies": null,
            "timeouts": null,
            "vpc_zone_identifier": [],
            "wait_for_capacity_timeout": "10m",
            "wait_for_elb_capacity": null,
            "warm_pool": []
          },
          "sensitive_attributes": [],
          "private": "eyJlMmJmYjczMC1lY2FhLTExZTYtOGY4OC0zNDM2M2JjN2M0YzAiOnsiZGVsZXRlIjo2MDAwMDAwMDAwMDAsInVwZGF0ZSI6NjAwMDAwMDAwMDAwfX0=",
          "dependencies": [
            "module.auto_scaling_group.aws_launch_template.aws-launch-template",
            "module.auto_scaling_group.data.aws_ami.amazon-linux-2",
            "module.keypair.aws_key_pair.sanjeeb-aws-key-pair",
            "module.keypair.tls_private_key.rsa",
            "module.security_group.aws_security_group.aws-sg-load-balancer",
            "module.security_group.aws_security_group.aws-sg-webserver",
            "module.vpc.aws_default_vpc.default"
          ]
        }
      ]
    },
    {
      "module": "module.auto_scaling_group",
      "mode": "managed",
      "type": "aws_launch_template",
      "name": "aws-launch-template",
      "provider": "provider[\"registry.terraform.io/hashicorp/aws\"]",
      "instances": [
        {
          "schema_version": 0,
          "attributes": {
            "arn": "arn:aws:ec2:eu-west-2:525427866192:launch-template/lt-0edf452d9395f1f81",
            "block_device_mappings": [],
            "capacity_reservation_specification": [],
            "cpu_options": [],
            "credit_specification": [],
            "default_version": 1,
            "description": "",
            "disable_api_stop": false,
            "disable_api_termination": false,
            "ebs_optimized": "",
            "elastic_gpu_specifications": [],
            "elastic_inference_accelerator": [],
            "enclave_options": [],
            "hibernation_options": [],
            "iam_instance_profile": [],
            "id": "lt-0edf452d9395f1f81",
            "image_id": "ami-0af46197a872cda03",
            "instance_initiated_shutdown_behavior": "",
            "instance_market_options": [],
            "instance_requirements": [],
            "instance_type": "t2.micro",
            "kernel_id": "",
            "key_name": "sanjeeb-aws-key-pair",
            "latest_version": 1,
            "license_specification": [],
            "maintenance_options": [],
            "metadata_options": [],
            "monitoring": [],
            "name": "aws-launch-template",
            "name_prefix": "",
            "network_interfaces": [],
            "placement": [],
            "private_dns_name_options": [],
            "ram_disk_id": "",
            "security_group_names": null,
            "tag_specifications": [
              {
                "resource_type": "instance",
                "tags": {
                  "Name": "aws-webserver-demo"
                }
              }
            ],
            "tags": null,
            "tags_all": {},
            "update_default_version": null,
            "user_data": "IyEvYmluL3NoDQoNCiMgSW5zdGFsbCBhIExBTVAgc3RhY2sNCmFtYXpvbi1saW51eC1leHRyYXMgaW5zdGFsbCAteSBsYW1wLW1hcmlhZGIxMC4yLXBocDcuMiBwaHA3LjINCnl1bSAteSBpbnN0YWxsIGh0dHBkIHBocC1tYnN0cmluZw0KDQojIFN0YXJ0IHRoZSB3ZWIgc2VydmVyDQpjaGtjb25maWcgaHR0cGQgb24NCnN5c3RlbWN0bCBzdGFydCBodHRwZA0KDQojIEluc3RhbGwgdGhlIHdlYiBwYWdlcyBmb3Igb3VyIGxhYg0KaWYgWyAhIC1mIC92YXIvd3d3L2h0bWwvaW1tZXJzaW9uLWRheS1hcHAtcGhwNy50YXIuZ3ogXTsgdGhlbg0KICAgY2QgL3Zhci93d3cvaHRtbA0KICAgd2dldCBodHRwczovL2F3cy1qb296ZXJvLnMzLmFwLW5vcnRoZWFzdC0yLmFtYXpvbmF3cy5jb20vaW1tZXJzaW9uLWRheS1hcHAtcGhwNy50YXIuZ3ogIA0KICAgdGFyIHh2ZnogaW1tZXJzaW9uLWRheS1hcHAtcGhwNy50YXIuZ3oNCmZpDQoNCiMgSW5zdGFsbCB0aGUgQVdTIFNESyBmb3IgUEhQDQppZiBbICEgLWYgL3Zhci93d3cvaHRtbC9hd3MuemlwIF07IHRoZW4NCiAgIGNkIC92YXIvd3d3L2h0bWwNCiAgIG1rZGlyIHZlbmRvcg0KICAgY2QgdmVuZG9yDQogICB3Z2V0IGh0dHBzOi8vZG9jcy5hd3MuYW1hem9uLmNvbS9hd3Mtc2RrLXBocC92My9kb3dubG9hZC9hd3MuemlwDQogICB1bnppcCBhd3MuemlwDQpmaQ0KDQojIFVwZGF0ZSBleGlzdGluZyBwYWNrYWdlcw0KeXVtIC15IHVwZGF0ZQ==",
            "vpc_security_group_ids": [
              "sg-0007e4150d55a0c73"
            ]
          },
          "sensitive_attributes": [],
          "private": "bnVsbA==",
          "dependencies": [
            "module.auto_scaling_group.data.aws_ami.amazon-linux-2",
            "module.keypair.aws_key_pair.sanjeeb-aws-key-pair",
            "module.keypair.tls_private_key.rsa",
            "module.security_group.aws_security_group.aws-sg-load-balancer",
            "module.security_group.aws_security_group.aws-sg-webserver",
            "module.vpc.aws_default_vpc.default"
          ]
        }
      ]
    },
    {
      "module": "module.keypair",
      "mode": "managed",
      "type": "aws_key_pair",
      "name": "sanjeeb-aws-key-pair",
      "provider": "provider[\"registry.terraform.io/hashicorp/aws\"]",
      "instances": [
        {
          "schema_version": 1,
          "attributes": {
            "arn": "arn:aws:ec2:eu-west-2:525427866192:key-pair/sanjeeb-aws-key-pair",
            "fingerprint": "2e:69:09:1c:61:7d:09:d8:77:ab:22:cf:7c:59:a7:21",
            "id": "sanjeeb-aws-key-pair",
            "key_name": "sanjeeb-aws-key-pair",
            "key_name_prefix": "",
            "key_pair_id": "key-0a282569ac7264cb5",
            "key_type": "rsa",
            "public_key": "ssh-rsa AAAAB3NzaC1yc2EAAAADAQABAAACAQDIReYLJ3I3j9TH5gvVDsgxH1EsNfnBNZyQ0A9ExRxKo6Bb3uRGIZsHx3nY042dpFJZf/7GKCY8cvFut2pHTe/Oxaedx0xuIJmutUBdnUy2WHgY4h5Tk2CRzKQ9lvyZ4/auemchcTWAD89oD3DZyj7LU9PtDJYt237tHaLAr0EopMDVcYB2+uxmR6p+vHf3t5Lx533C6tbXzD9QOiUx0BxmJdru2KcVfihPquJmpToQfCM3Go1L9qRj+K6C2zZc88Dz06YmepL78dKN8gyEa/YKIvDAeyjSd3MxeXVSebw2gJale0eVQVMaLbCs6NuPh6XnDQ2+DkNw6wdzIow3bi+RjDv82IZuPw+ghjqSjunGEwc5HYx1pP8LPb+fQuf2VomEIqyySILfy9C/fUh4GuY5ZxeiRnUfyKfV5jCbJ8VKN1mT6KcH8l/MA0GDd/lAHnw8wVtmUJSydm/WQzo2K2P8yg++MSHHc2JSynF3BiF3ql2GE98oxbNH0YvGaOXyX1kLXHCbGPOII0z/I6QzjvCwN9kjB2WWHsUR7pCd1iBguD6zTufk8Y0VDoO37V8CXI6EPVQoly8IhS0gLNirxXrcnudWTQy9nm2G44k9k4BQziXN7Dh8PCMdcKP8bHekIGTe7WQ9j0+InuGDUtLKztA4b//jkuxifxxRZjmSUJMFXw==",
            "tags": null,
            "tags_all": {}
          },
          "sensitive_attributes": [],
          "private": "eyJzY2hlbWFfdmVyc2lvbiI6IjEifQ==",
          "dependencies": [
            "module.keypair.tls_private_key.rsa"
          ]
        }
      ]
    },
    {
      "module": "module.keypair",
      "mode": "managed",
      "type": "local_file",
      "name": "sanjeeb-aws-key-pair",
      "provider": "provider[\"registry.terraform.io/hashicorp/local\"]",
      "instances": [
        {
          "schema_version": 0,
          "attributes": {
            "content": "-----BEGIN RSA PRIVATE KEY-----\nMIIJKAIBAAKCAgEAyEXmCydyN4/Ux+YL1Q7IMR9RLDX5wTWckNAPRMUcSqOgW97k\nRiGbB8d52NONnaRSWX/+xigmPHLxbrdqR03vzsWnncdMbiCZrrVAXZ1Mtlh4GOIe\nU5NgkcykPZb8meP2rnpnIXE1gA/PaA9w2co+y1PT7QyWLdt+7R2iwK9BKKTA1XGA\ndvrsZkeqfrx397eS8ed9wurW18w/UDolMdAcZiXa7tinFX4oT6riZqU6EHwjNxqN\nS/akY/iugts2XPPA89OmJnqS+/HSjfIMhGv2CiLwwHso0ndzMXl1Unm8NoCWpXtH\nlUFTGi2wrOjbj4el5w0Nvg5DcOsHcyKMN24vkYw7/NiGbj8PoIY6ko7pxhMHOR2M\ndaT/Cz2/n0Ln9laJhCKsskiC38vQv31IeBrmOWcXokZ1H8in1eYwmyfFSjdZk+in\nB/JfzANBg3f5QB58PMFbZlCUsnZv1kM6Nitj/MoPvjEhx3NiUspxdwYhd6pdhhPf\nKMWzR9GLxmjl8l9ZC1xwmxjziCNM/yOkM47wsDfZIwdllh7FEe6QndYgYLg+s07n\n5PGNFQ6Dt+1fAlyOhD1UKJcvCIUtICzYq8V63J7nVk0MvZ5thuOJPZOAUM4lzew4\nfDwjHXCj/Gx3pCBk3u1kPY9PiJ7hg1LSys7QOG//45LsYn8cUWY5klCTBV8CAwEA\nAQKCAgEAp/wRYEu+/yHSzbWFOTnD64gkMxw3GLvaTpFmLT3UZDrpWAYWnUi03AqS\nhq+0OoVJWa8FybqFj/Ct2DtaluKlgl/CH5K65ijMH4ICskMtxEliuyR3YYzd1I29\nObf6uy4+jM040hE+WeNpChThiJyenTf8K/qBwYc56LQR/uNBmVDQOniQ07vXLFdy\niAmX6x180RFmKGeIu8ujU6zh4+121Ktt/yeUxm9iaqigbI6srIUjmKXZ3NzNuNkv\nr60l5UPEFgDyfZYU0eVdwhhELZLM9mWmYR0s+ZSd9+Kz6PEZUPH86mMEgQohJXUr\nm21aNQMHwkztuPwHz6AkSIuy5w+yLzx+teIvTHibTFeSxhDyJb+13fxH6kIDSrKQ\nWIOp4MvCEeg2kcYl7g3FMJ/+n1sm+hBwX3PDVT1zHO0KH3CorrRpIQj/NoZcrynY\nLqs0w90/wkT/ejQqWryxWSsLDcdFDgoInA1Rhm7l3O4xT231UFh2KkVCmpDAlxwc\nYzcwaWnhXnRP+TLvlDnRqQ6n3Tw+gzFoGxVkodoMTdpbM7vzgpeGr5RClHM6H2Z8\n5rt7uBma6rs+KPY4LCXRgFQNRqu/+dPf/iDB+2UZ9JtpigTjAZYBL+Ip9TBzh1HH\nMliizIiy2SjhhSnU4DZAWzlpREERnzJCIPsmfqutY+BwZ1DCpJkCggEBAORVGqZK\nWH4JZURbXgZNQeRDzUxgdHVU0Vy0V/Iw6WFBiOS5AaVEljAG4uF3Z2F3dn0amg8Q\n9eXWFJ09/dSgX16tqZWvheV4oc7KLIE6/VjozhqpbooE9RIAtuBh3ca25KYG5RhX\n9h+yKqmX7r7T9MRP1KBV0SCDVoTECPW+fFq6lAyZVLPUGCzMAbLK3adbPC+/S8dg\nep4G3V5rq5aBLGlBTmfNA1rm74FSpA5p+DvzslAEanxgr3nOVtEf4pgc8h5euPtD\nm6CCTlJ++op01aSt0HPDeMi2Lu9zffDRnXcLyWnIObHaT1gremfTn5Q/tOejv3gD\noh5MsliC8lqwegUCggEBAOCKY51h07CyrjKFmf4LxgT0YIEpEXZ2eDMh/+2WxVNp\n7FaZZTzLmnEG3KnnJt/EfbkXr0MqSB/7lkzU2EKY6YmN9ZywzsICFHMbGvwJRCLf\nEZ6PgoEzwVPHvcc4l6SlPu2yxINiaP6AORkhyGZHFoDavy//IMeLwFeekhTFvrjG\nrq9i+SsbXvx9F7k0hSihGmAcudMnkW8CJsQVZppcx2xMuJR60RgiXoggzhawqHkj\nkQ8TRA1hGPgCEdP1RuSQy7S+fvrzYpHzBKTZrGEeMNOu4yqJcS1fHrxb35sEdbu7\nZz7n/AtZChOw5CuvU33b1u0W3yb6WLGjPM0LgldYyxMCggEAeOxpVLAC9ZzcOLt6\nrDO2NcGCtHRQuOLWjhYkjWtB7fPbH+aq7G/Kalz7QxUNdxzhb5frBxegYrxh5nSy\nPS1B1M58BX4Tl1evuehwcXBgQ/nnTU917zp437PpJiQuY9LwfM0h/yZ2forI9VA1\nbHKsKlts7A0G2AU2iNGZPSxIh3RQe+uoZCRrOS5BqAKwKLW0xkS1ST3bMl3IVv0G\nvopijsu7TlXQ9Q9gwEiYAdo1UOrbAG2WR5Cc3hFdARu10YFi6JqZtNg1T2gzOpVs\n8m61xqUWxHg9O27gpIexpxwcHLPtU0xq4boQU02TYfE9jjG/CP47pL+n2AweV6nh\n2A2mUQKCAQAW8QzMf7pJS3hQ4SWit0E8MFvL1o5aNDCDyO2FMOpoY2IqVvHpDERz\nV+gj0+I86q6NwsW9bwx/eA0bPIP8CfOSglad89KsL9o3CIXxSmETzwbV1IPY/5i5\nHqddO4MC539Oef1qDxv7JM6wqqr3CDxcXf06wi5vNPAqA6GZTbr21hXzBYG/zcQe\nuAk8ewk/5XX0a/rwgBJz7RxY3HbnPqOBhTU2tnW2qYxPDEsCNnqAJgokKCvD0i/i\n5xM7PMxJfiHSDcSbj1J65wGKdlMOeS8z8aJ0LibKI/XX+OsXw5Tj4XnjC4DNCAPn\njyNA82DscxG6l6OlL97wB2Wm7Y4bro7RAoIBACKDZxzy2tpYwZcOalAh1BIYc3Ga\niHHie/fffm5UDKWyAP1siFi6MMxKJy6Jbs7NtBjKIsaS14XWIQcQsITC1RsygeHL\nUl6SRvkkQuHU15vDqcWUt1z7CpXsfKnFiRc4UJ3WkyUAzgm07JdJhrtrI9I+CYFr\niXMpIr2IdfJpv8qxlDxcRljWpk+xaHYoIanzjn6mAcJsd/iN3RifuVh10aPECQPd\nlbYfVwSDd9VL1gaXrPhl/X3w6Ib8h3Qb4grWX8y5X5En6xFBBcUO2hkVz9NdT5MX\n+gfGI7sXo83AtVOIzg4YeXLltcN9yCOlvK7rTafyGHDpzYe65f14GcsJxz8=\n-----END RSA PRIVATE KEY-----\n",
            "content_base64": null,
            "content_base64sha256": "3beYQ+API7muNRF/KLnGT99hI5SZJCzufFB074tUz54=",
            "content_base64sha512": "DFEovopWuTUkdfW43tSx7caB5yeudI75q/ZkrZa0SsBkFF3B45Ah4a3hp48udrf7wMkOvHxXQ7InR6ddk0tS6g==",
            "content_md5": "5e65af42c4d8edf6215feee8ff4a68a0",
            "content_sha1": "ac0e788daeaa070e8cd4a959f40173b4aa5263ae",
            "content_sha256": "ddb79843e00f23b9ae35117f28b9c64fdf61239499242cee7c5074ef8b54cf9e",
            "content_sha512": "0c5128be8a56b9352475f5b8ded4b1edc681e727ae748ef9abf664ad96b44ac064145dc1e39021e1ade1a78f2e76b7fbc0c90ebc7c5743b22747a75d934b52ea",
            "directory_permission": "0777",
            "file_permission": "0777",
            "filename": "sanjeeb-aws-key-pair",
            "id": "ac0e788daeaa070e8cd4a959f40173b4aa5263ae",
            "sensitive_content": null,
            "source": null
          },
          "sensitive_attributes": [
            [
              {
                "type": "get_attr",
                "value": "content"
              }
            ]
          ],
          "dependencies": [
            "module.keypair.tls_private_key.rsa"
          ]
        }
      ]
    },
    {
      "module": "module.keypair",
      "mode": "managed",
      "type": "tls_private_key",
      "name": "rsa",
      "provider": "provider[\"registry.terraform.io/hashicorp/tls\"]",
      "instances": [
        {
          "schema_version": 1,
          "attributes": {
            "algorithm": "RSA",
            "ecdsa_curve": "P224",
            "id": "97aaa19ee130e20ea3fb365eb99aa194e26302ea",
            "private_key_openssh": "-----BEGIN OPENSSH PRIVATE KEY-----\nb3BlbnNzaC1rZXktdjEAAAAABG5vbmUAAAAEbm9uZQAAAAAAAAABAAACFwAAAAdz\nc2gtcnNhAAAAAwEAAQAAAgEAyEXmCydyN4/Ux+YL1Q7IMR9RLDX5wTWckNAPRMUc\nSqOgW97kRiGbB8d52NONnaRSWX/+xigmPHLxbrdqR03vzsWnncdMbiCZrrVAXZ1M\ntlh4GOIeU5NgkcykPZb8meP2rnpnIXE1gA/PaA9w2co+y1PT7QyWLdt+7R2iwK9B\nKKTA1XGAdvrsZkeqfrx397eS8ed9wurW18w/UDolMdAcZiXa7tinFX4oT6riZqU6\nEHwjNxqNS/akY/iugts2XPPA89OmJnqS+/HSjfIMhGv2CiLwwHso0ndzMXl1Unm8\nNoCWpXtHlUFTGi2wrOjbj4el5w0Nvg5DcOsHcyKMN24vkYw7/NiGbj8PoIY6ko7p\nxhMHOR2MdaT/Cz2/n0Ln9laJhCKsskiC38vQv31IeBrmOWcXokZ1H8in1eYwmyfF\nSjdZk+inB/JfzANBg3f5QB58PMFbZlCUsnZv1kM6Nitj/MoPvjEhx3NiUspxdwYh\nd6pdhhPfKMWzR9GLxmjl8l9ZC1xwmxjziCNM/yOkM47wsDfZIwdllh7FEe6QndYg\nYLg+s07n5PGNFQ6Dt+1fAlyOhD1UKJcvCIUtICzYq8V63J7nVk0MvZ5thuOJPZOA\nUM4lzew4fDwjHXCj/Gx3pCBk3u1kPY9PiJ7hg1LSys7QOG//45LsYn8cUWY5klCT\nBV8AAAc4aRmUEGkZlBAAAAAHc3NoLXJzYQAAAgEAyEXmCydyN4/Ux+YL1Q7IMR9R\nLDX5wTWckNAPRMUcSqOgW97kRiGbB8d52NONnaRSWX/+xigmPHLxbrdqR03vzsWn\nncdMbiCZrrVAXZ1Mtlh4GOIeU5NgkcykPZb8meP2rnpnIXE1gA/PaA9w2co+y1PT\n7QyWLdt+7R2iwK9BKKTA1XGAdvrsZkeqfrx397eS8ed9wurW18w/UDolMdAcZiXa\n7tinFX4oT6riZqU6EHwjNxqNS/akY/iugts2XPPA89OmJnqS+/HSjfIMhGv2CiLw\nwHso0ndzMXl1Unm8NoCWpXtHlUFTGi2wrOjbj4el5w0Nvg5DcOsHcyKMN24vkYw7\n/NiGbj8PoIY6ko7pxhMHOR2MdaT/Cz2/n0Ln9laJhCKsskiC38vQv31IeBrmOWcX\nokZ1H8in1eYwmyfFSjdZk+inB/JfzANBg3f5QB58PMFbZlCUsnZv1kM6Nitj/MoP\nvjEhx3NiUspxdwYhd6pdhhPfKMWzR9GLxmjl8l9ZC1xwmxjziCNM/yOkM47wsDfZ\nIwdllh7FEe6QndYgYLg+s07n5PGNFQ6Dt+1fAlyOhD1UKJcvCIUtICzYq8V63J7n\nVk0MvZ5thuOJPZOAUM4lzew4fDwjHXCj/Gx3pCBk3u1kPY9PiJ7hg1LSys7QOG//\n45LsYn8cUWY5klCTBV8AAAADAQABAAACAQCn/BFgS77/IdLNtYU5OcPriCQzHDcY\nu9pOkWYtPdRkOulYBhadSLTcCpKGr7Q6hUlZrwXJuoWP8K3YO1qW4qWCX8Ifkrrm\nKMwfggKyQy3ESWK7JHdhjN3Ujb05t/q7Lj6MzTjSET5Z42kKFOGInJ6dN/wr+oHB\nhznotBH+40GZUNA6eJDTu9csV3KICZfrHXzREWYoZ4i7y6NTrOHj7XbUq23/J5TG\nb2JqqKBsjqyshSOYpdnc3M242S+vrSXlQ8QWAPJ9lhTR5V3CGEQtksz2ZaZhHSz5\nlJ334rPo8RlQ8fzqYwSBCiEldSubbVo1AwfCTO24/AfPoCRIi7LnD7IvPH614i9M\neJtMV5LGEPIlv7Xd/EfqQgNKspBYg6ngy8IR6DaRxiXuDcUwn/6fWyb6EHBfc8NV\nPXMc7QofcKiutGkhCP82hlyvKdguqzTD3T/CRP96NCpavLFZKwsNx0UOCgicDVGG\nbuXc7jFPbfVQWHYqRUKakMCXHBxjNzBpaeFedE/5Mu+UOdGpDqfdPD6DMWgbFWSh\n2gxN2lszu/OCl4avlEKUczofZnzmu3u4GZrquz4o9jgsJdGAVA1Gq7/509/+IMH7\nZRn0m2mKBOMBlgEv4in1MHOHUccyWKLMiLLZKOGFKdTgNkBbOWlEQRGfMkIg+yZ+\nq61j4HBnUMKkmQAAAQAig2cc8traWMGXDmpQIdQSGHNxmohx4nv3335uVAylsgD9\nbIhYujDMSicuiW7OzbQYyiLGkteF1iEHELCEwtUbMoHhy1Jekkb5JELh1Nebw6nF\nlLdc+wqV7HypxYkXOFCd1pMlAM4JtOyXSYa7ayPSPgmBa4lzKSK9iHXyab/KsZQ8\nXEZY1qZPsWh2KCGp845+pgHCbHf4jd0Yn7lYddGjxAkD3ZW2H1cEg3fVS9YGl6z4\nZf198OiG/Id0G+IK1l/MuV+RJ+sRQQXFDtoZFc/TXU+TF/oHxiO7F6PNwLVTiM4O\nGHly5bXDfcgjpbyu602n8hhw6c2HuuX9eBnLCcc/AAABAQDkVRqmSlh+CWVEW14G\nTUHkQ81MYHR1VNFctFfyMOlhQYjkuQGlRJYwBuLhd2dhd3Z9GpoPEPXl1hSdPf3U\noF9eramVr4XleKHOyiyBOv1Y6M4aqW6KBPUSALbgYd3GtuSmBuUYV/Yfsiqpl+6+\n0/TET9SgVdEgg1aExAj1vnxaupQMmVSz1BgszAGyyt2nWzwvv0vHYHqeBt1ea6uW\ngSxpQU5nzQNa5u+BUqQOafg787JQBGp8YK95zlbRH+KYHPIeXrj7Q5uggk5SfvqK\ndNWkrdBzw3jIti7vc33w0Z13C8lpyDmx2k9YK3pn05+UP7Tno794A6IeTLJYgvJa\nsHoFAAABAQDgimOdYdOwsq4yhZn+C8YE9GCBKRF2dngzIf/tlsVTaexWmWU8y5px\nBtyp5ybfxH25F69DKkgf+5ZM1NhCmOmJjfWcsM7CAhRzGxr8CUQi3xGej4KBM8FT\nx73HOJekpT7tssSDYmj+gDkZIchmRxaA2r8v/yDHi8BXnpIUxb64xq6vYvkrG178\nfRe5NIUooRpgHLnTJ5FvAibEFWaaXMdsTLiUetEYIl6IIM4WsKh5I5EPE0QNYRj4\nAhHT9UbkkMu0vn7682KR8wSk2axhHjDTruMqiXEtXx68W9+bBHW7u2c+5/wLWQoT\nsOQrr1N929btFt8m+lixozzNC4JXWMsTAAAAAAEC\n-----END OPENSSH PRIVATE KEY-----\n",
            "private_key_pem": "-----BEGIN RSA PRIVATE KEY-----\nMIIJKAIBAAKCAgEAyEXmCydyN4/Ux+YL1Q7IMR9RLDX5wTWckNAPRMUcSqOgW97k\nRiGbB8d52NONnaRSWX/+xigmPHLxbrdqR03vzsWnncdMbiCZrrVAXZ1Mtlh4GOIe\nU5NgkcykPZb8meP2rnpnIXE1gA/PaA9w2co+y1PT7QyWLdt+7R2iwK9BKKTA1XGA\ndvrsZkeqfrx397eS8ed9wurW18w/UDolMdAcZiXa7tinFX4oT6riZqU6EHwjNxqN\nS/akY/iugts2XPPA89OmJnqS+/HSjfIMhGv2CiLwwHso0ndzMXl1Unm8NoCWpXtH\nlUFTGi2wrOjbj4el5w0Nvg5DcOsHcyKMN24vkYw7/NiGbj8PoIY6ko7pxhMHOR2M\ndaT/Cz2/n0Ln9laJhCKsskiC38vQv31IeBrmOWcXokZ1H8in1eYwmyfFSjdZk+in\nB/JfzANBg3f5QB58PMFbZlCUsnZv1kM6Nitj/MoPvjEhx3NiUspxdwYhd6pdhhPf\nKMWzR9GLxmjl8l9ZC1xwmxjziCNM/yOkM47wsDfZIwdllh7FEe6QndYgYLg+s07n\n5PGNFQ6Dt+1fAlyOhD1UKJcvCIUtICzYq8V63J7nVk0MvZ5thuOJPZOAUM4lzew4\nfDwjHXCj/Gx3pCBk3u1kPY9PiJ7hg1LSys7QOG//45LsYn8cUWY5klCTBV8CAwEA\nAQKCAgEAp/wRYEu+/yHSzbWFOTnD64gkMxw3GLvaTpFmLT3UZDrpWAYWnUi03AqS\nhq+0OoVJWa8FybqFj/Ct2DtaluKlgl/CH5K65ijMH4ICskMtxEliuyR3YYzd1I29\nObf6uy4+jM040hE+WeNpChThiJyenTf8K/qBwYc56LQR/uNBmVDQOniQ07vXLFdy\niAmX6x180RFmKGeIu8ujU6zh4+121Ktt/yeUxm9iaqigbI6srIUjmKXZ3NzNuNkv\nr60l5UPEFgDyfZYU0eVdwhhELZLM9mWmYR0s+ZSd9+Kz6PEZUPH86mMEgQohJXUr\nm21aNQMHwkztuPwHz6AkSIuy5w+yLzx+teIvTHibTFeSxhDyJb+13fxH6kIDSrKQ\nWIOp4MvCEeg2kcYl7g3FMJ/+n1sm+hBwX3PDVT1zHO0KH3CorrRpIQj/NoZcrynY\nLqs0w90/wkT/ejQqWryxWSsLDcdFDgoInA1Rhm7l3O4xT231UFh2KkVCmpDAlxwc\nYzcwaWnhXnRP+TLvlDnRqQ6n3Tw+gzFoGxVkodoMTdpbM7vzgpeGr5RClHM6H2Z8\n5rt7uBma6rs+KPY4LCXRgFQNRqu/+dPf/iDB+2UZ9JtpigTjAZYBL+Ip9TBzh1HH\nMliizIiy2SjhhSnU4DZAWzlpREERnzJCIPsmfqutY+BwZ1DCpJkCggEBAORVGqZK\nWH4JZURbXgZNQeRDzUxgdHVU0Vy0V/Iw6WFBiOS5AaVEljAG4uF3Z2F3dn0amg8Q\n9eXWFJ09/dSgX16tqZWvheV4oc7KLIE6/VjozhqpbooE9RIAtuBh3ca25KYG5RhX\n9h+yKqmX7r7T9MRP1KBV0SCDVoTECPW+fFq6lAyZVLPUGCzMAbLK3adbPC+/S8dg\nep4G3V5rq5aBLGlBTmfNA1rm74FSpA5p+DvzslAEanxgr3nOVtEf4pgc8h5euPtD\nm6CCTlJ++op01aSt0HPDeMi2Lu9zffDRnXcLyWnIObHaT1gremfTn5Q/tOejv3gD\noh5MsliC8lqwegUCggEBAOCKY51h07CyrjKFmf4LxgT0YIEpEXZ2eDMh/+2WxVNp\n7FaZZTzLmnEG3KnnJt/EfbkXr0MqSB/7lkzU2EKY6YmN9ZywzsICFHMbGvwJRCLf\nEZ6PgoEzwVPHvcc4l6SlPu2yxINiaP6AORkhyGZHFoDavy//IMeLwFeekhTFvrjG\nrq9i+SsbXvx9F7k0hSihGmAcudMnkW8CJsQVZppcx2xMuJR60RgiXoggzhawqHkj\nkQ8TRA1hGPgCEdP1RuSQy7S+fvrzYpHzBKTZrGEeMNOu4yqJcS1fHrxb35sEdbu7\nZz7n/AtZChOw5CuvU33b1u0W3yb6WLGjPM0LgldYyxMCggEAeOxpVLAC9ZzcOLt6\nrDO2NcGCtHRQuOLWjhYkjWtB7fPbH+aq7G/Kalz7QxUNdxzhb5frBxegYrxh5nSy\nPS1B1M58BX4Tl1evuehwcXBgQ/nnTU917zp437PpJiQuY9LwfM0h/yZ2forI9VA1\nbHKsKlts7A0G2AU2iNGZPSxIh3RQe+uoZCRrOS5BqAKwKLW0xkS1ST3bMl3IVv0G\nvopijsu7TlXQ9Q9gwEiYAdo1UOrbAG2WR5Cc3hFdARu10YFi6JqZtNg1T2gzOpVs\n8m61xqUWxHg9O27gpIexpxwcHLPtU0xq4boQU02TYfE9jjG/CP47pL+n2AweV6nh\n2A2mUQKCAQAW8QzMf7pJS3hQ4SWit0E8MFvL1o5aNDCDyO2FMOpoY2IqVvHpDERz\nV+gj0+I86q6NwsW9bwx/eA0bPIP8CfOSglad89KsL9o3CIXxSmETzwbV1IPY/5i5\nHqddO4MC539Oef1qDxv7JM6wqqr3CDxcXf06wi5vNPAqA6GZTbr21hXzBYG/zcQe\nuAk8ewk/5XX0a/rwgBJz7RxY3HbnPqOBhTU2tnW2qYxPDEsCNnqAJgokKCvD0i/i\n5xM7PMxJfiHSDcSbj1J65wGKdlMOeS8z8aJ0LibKI/XX+OsXw5Tj4XnjC4DNCAPn\njyNA82DscxG6l6OlL97wB2Wm7Y4bro7RAoIBACKDZxzy2tpYwZcOalAh1BIYc3Ga\niHHie/fffm5UDKWyAP1siFi6MMxKJy6Jbs7NtBjKIsaS14XWIQcQsITC1RsygeHL\nUl6SRvkkQuHU15vDqcWUt1z7CpXsfKnFiRc4UJ3WkyUAzgm07JdJhrtrI9I+CYFr\niXMpIr2IdfJpv8qxlDxcRljWpk+xaHYoIanzjn6mAcJsd/iN3RifuVh10aPECQPd\nlbYfVwSDd9VL1gaXrPhl/X3w6Ib8h3Qb4grWX8y5X5En6xFBBcUO2hkVz9NdT5MX\n+gfGI7sXo83AtVOIzg4YeXLltcN9yCOlvK7rTafyGHDpzYe65f14GcsJxz8=\n-----END RSA PRIVATE KEY-----\n",
            "private_key_pem_pkcs8": "-----BEGIN PRIVATE KEY-----\nMIIJQgIBADANBgkqhkiG9w0BAQEFAASCCSwwggkoAgEAAoICAQDIReYLJ3I3j9TH\n5gvVDsgxH1EsNfnBNZyQ0A9ExRxKo6Bb3uRGIZsHx3nY042dpFJZf/7GKCY8cvFu\nt2pHTe/Oxaedx0xuIJmutUBdnUy2WHgY4h5Tk2CRzKQ9lvyZ4/auemchcTWAD89o\nD3DZyj7LU9PtDJYt237tHaLAr0EopMDVcYB2+uxmR6p+vHf3t5Lx533C6tbXzD9Q\nOiUx0BxmJdru2KcVfihPquJmpToQfCM3Go1L9qRj+K6C2zZc88Dz06YmepL78dKN\n8gyEa/YKIvDAeyjSd3MxeXVSebw2gJale0eVQVMaLbCs6NuPh6XnDQ2+DkNw6wdz\nIow3bi+RjDv82IZuPw+ghjqSjunGEwc5HYx1pP8LPb+fQuf2VomEIqyySILfy9C/\nfUh4GuY5ZxeiRnUfyKfV5jCbJ8VKN1mT6KcH8l/MA0GDd/lAHnw8wVtmUJSydm/W\nQzo2K2P8yg++MSHHc2JSynF3BiF3ql2GE98oxbNH0YvGaOXyX1kLXHCbGPOII0z/\nI6QzjvCwN9kjB2WWHsUR7pCd1iBguD6zTufk8Y0VDoO37V8CXI6EPVQoly8IhS0g\nLNirxXrcnudWTQy9nm2G44k9k4BQziXN7Dh8PCMdcKP8bHekIGTe7WQ9j0+InuGD\nUtLKztA4b//jkuxifxxRZjmSUJMFXwIDAQABAoICAQCn/BFgS77/IdLNtYU5OcPr\niCQzHDcYu9pOkWYtPdRkOulYBhadSLTcCpKGr7Q6hUlZrwXJuoWP8K3YO1qW4qWC\nX8IfkrrmKMwfggKyQy3ESWK7JHdhjN3Ujb05t/q7Lj6MzTjSET5Z42kKFOGInJ6d\nN/wr+oHBhznotBH+40GZUNA6eJDTu9csV3KICZfrHXzREWYoZ4i7y6NTrOHj7XbU\nq23/J5TGb2JqqKBsjqyshSOYpdnc3M242S+vrSXlQ8QWAPJ9lhTR5V3CGEQtksz2\nZaZhHSz5lJ334rPo8RlQ8fzqYwSBCiEldSubbVo1AwfCTO24/AfPoCRIi7LnD7Iv\nPH614i9MeJtMV5LGEPIlv7Xd/EfqQgNKspBYg6ngy8IR6DaRxiXuDcUwn/6fWyb6\nEHBfc8NVPXMc7QofcKiutGkhCP82hlyvKdguqzTD3T/CRP96NCpavLFZKwsNx0UO\nCgicDVGGbuXc7jFPbfVQWHYqRUKakMCXHBxjNzBpaeFedE/5Mu+UOdGpDqfdPD6D\nMWgbFWSh2gxN2lszu/OCl4avlEKUczofZnzmu3u4GZrquz4o9jgsJdGAVA1Gq7/5\n09/+IMH7ZRn0m2mKBOMBlgEv4in1MHOHUccyWKLMiLLZKOGFKdTgNkBbOWlEQRGf\nMkIg+yZ+q61j4HBnUMKkmQKCAQEA5FUapkpYfgllRFteBk1B5EPNTGB0dVTRXLRX\n8jDpYUGI5LkBpUSWMAbi4XdnYXd2fRqaDxD15dYUnT391KBfXq2pla+F5Xihzsos\ngTr9WOjOGqluigT1EgC24GHdxrbkpgblGFf2H7IqqZfuvtP0xE/UoFXRIINWhMQI\n9b58WrqUDJlUs9QYLMwBssrdp1s8L79Lx2B6ngbdXmurloEsaUFOZ80DWubvgVKk\nDmn4O/OyUARqfGCvec5W0R/imBzyHl64+0OboIJOUn76inTVpK3Qc8N4yLYu73N9\n8NGddwvJacg5sdpPWCt6Z9OflD+056O/eAOiHkyyWILyWrB6BQKCAQEA4IpjnWHT\nsLKuMoWZ/gvGBPRggSkRdnZ4MyH/7ZbFU2nsVpllPMuacQbcqecm38R9uRevQypI\nH/uWTNTYQpjpiY31nLDOwgIUcxsa/AlEIt8Rno+CgTPBU8e9xziXpKU+7bLEg2Jo\n/oA5GSHIZkcWgNq/L/8gx4vAV56SFMW+uMaur2L5Kxte/H0XuTSFKKEaYBy50yeR\nbwImxBVmmlzHbEy4lHrRGCJeiCDOFrCoeSORDxNEDWEY+AIR0/VG5JDLtL5++vNi\nkfMEpNmsYR4w067jKolxLV8evFvfmwR1u7tnPuf8C1kKE7DkK69TfdvW7RbfJvpY\nsaM8zQuCV1jLEwKCAQB47GlUsAL1nNw4u3qsM7Y1wYK0dFC44taOFiSNa0Ht89sf\n5qrsb8pqXPtDFQ13HOFvl+sHF6BivGHmdLI9LUHUznwFfhOXV6+56HBxcGBD+edN\nT3XvOnjfs+kmJC5j0vB8zSH/JnZ+isj1UDVscqwqW2zsDQbYBTaI0Zk9LEiHdFB7\n66hkJGs5LkGoArAotbTGRLVJPdsyXchW/Qa+imKOy7tOVdD1D2DASJgB2jVQ6tsA\nbZZHkJzeEV0BG7XRgWLompm02DVPaDM6lWzybrXGpRbEeD07buCkh7GnHBwcs+1T\nTGrhuhBTTZNh8T2OMb8I/jukv6fYDB5XqeHYDaZRAoIBABbxDMx/uklLeFDhJaK3\nQTwwW8vWjlo0MIPI7YUw6mhjYipW8ekMRHNX6CPT4jzqro3Cxb1vDH94DRs8g/wJ\n85KCVp3z0qwv2jcIhfFKYRPPBtXUg9j/mLkep107gwLnf055/WoPG/skzrCqqvcI\nPFxd/TrCLm808CoDoZlNuvbWFfMFgb/NxB64CTx7CT/ldfRr+vCAEnPtHFjcduc+\no4GFNTa2dbapjE8MSwI2eoAmCiQoK8PSL+LnEzs8zEl+IdINxJuPUnrnAYp2Uw55\nLzPxonQuJsoj9df46xfDlOPheeMLgM0IA+ePI0DzYOxzEbqXo6Uv3vAHZabtjhuu\njtECggEAIoNnHPLa2ljBlw5qUCHUEhhzcZqIceJ7999+blQMpbIA/WyIWLowzEon\nLoluzs20GMoixpLXhdYhBxCwhMLVGzKB4ctSXpJG+SRC4dTXm8OpxZS3XPsKlex8\nqcWJFzhQndaTJQDOCbTsl0mGu2sj0j4JgWuJcykivYh18mm/yrGUPFxGWNamT7Fo\ndighqfOOfqYBwmx3+I3dGJ+5WHXRo8QJA92Vth9XBIN31UvWBpes+GX9ffDohvyH\ndBviCtZfzLlfkSfrEUEFxQ7aGRXP011Pkxf6B8YjuxejzcC1U4jODhh5cuW1w33I\nI6W8rutNp/IYcOnNh7rl/XgZywnHPw==\n-----END PRIVATE KEY-----\n",
            "public_key_fingerprint_md5": "ed:30:8f:db:75:7a:cd:e4:ad:b0:06:2f:96:eb:82:93",
            "public_key_fingerprint_sha256": "SHA256:M23MPP1Lg2bUd+mEw2A37LcAaMsvQ15GybZXpFDnRy8",
            "public_key_openssh": "ssh-rsa AAAAB3NzaC1yc2EAAAADAQABAAACAQDIReYLJ3I3j9TH5gvVDsgxH1EsNfnBNZyQ0A9ExRxKo6Bb3uRGIZsHx3nY042dpFJZf/7GKCY8cvFut2pHTe/Oxaedx0xuIJmutUBdnUy2WHgY4h5Tk2CRzKQ9lvyZ4/auemchcTWAD89oD3DZyj7LU9PtDJYt237tHaLAr0EopMDVcYB2+uxmR6p+vHf3t5Lx533C6tbXzD9QOiUx0BxmJdru2KcVfihPquJmpToQfCM3Go1L9qRj+K6C2zZc88Dz06YmepL78dKN8gyEa/YKIvDAeyjSd3MxeXVSebw2gJale0eVQVMaLbCs6NuPh6XnDQ2+DkNw6wdzIow3bi+RjDv82IZuPw+ghjqSjunGEwc5HYx1pP8LPb+fQuf2VomEIqyySILfy9C/fUh4GuY5ZxeiRnUfyKfV5jCbJ8VKN1mT6KcH8l/MA0GDd/lAHnw8wVtmUJSydm/WQzo2K2P8yg++MSHHc2JSynF3BiF3ql2GE98oxbNH0YvGaOXyX1kLXHCbGPOII0z/I6QzjvCwN9kjB2WWHsUR7pCd1iBguD6zTufk8Y0VDoO37V8CXI6EPVQoly8IhS0gLNirxXrcnudWTQy9nm2G44k9k4BQziXN7Dh8PCMdcKP8bHekIGTe7WQ9j0+InuGDUtLKztA4b//jkuxifxxRZjmSUJMFXw==\n",
            "public_key_pem": "-----BEGIN PUBLIC KEY-----\nMIICIjANBgkqhkiG9w0BAQEFAAOCAg8AMIICCgKCAgEAyEXmCydyN4/Ux+YL1Q7I\nMR9RLDX5wTWckNAPRMUcSqOgW97kRiGbB8d52NONnaRSWX/+xigmPHLxbrdqR03v\nzsWnncdMbiCZrrVAXZ1Mtlh4GOIeU5NgkcykPZb8meP2rnpnIXE1gA/PaA9w2co+\ny1PT7QyWLdt+7R2iwK9BKKTA1XGAdvrsZkeqfrx397eS8ed9wurW18w/UDolMdAc\nZiXa7tinFX4oT6riZqU6EHwjNxqNS/akY/iugts2XPPA89OmJnqS+/HSjfIMhGv2\nCiLwwHso0ndzMXl1Unm8NoCWpXtHlUFTGi2wrOjbj4el5w0Nvg5DcOsHcyKMN24v\nkYw7/NiGbj8PoIY6ko7pxhMHOR2MdaT/Cz2/n0Ln9laJhCKsskiC38vQv31IeBrm\nOWcXokZ1H8in1eYwmyfFSjdZk+inB/JfzANBg3f5QB58PMFbZlCUsnZv1kM6Nitj\n/MoPvjEhx3NiUspxdwYhd6pdhhPfKMWzR9GLxmjl8l9ZC1xwmxjziCNM/yOkM47w\nsDfZIwdllh7FEe6QndYgYLg+s07n5PGNFQ6Dt+1fAlyOhD1UKJcvCIUtICzYq8V6\n3J7nVk0MvZ5thuOJPZOAUM4lzew4fDwjHXCj/Gx3pCBk3u1kPY9PiJ7hg1LSys7Q\nOG//45LsYn8cUWY5klCTBV8CAwEAAQ==\n-----END PUBLIC KEY-----\n",
            "rsa_bits": 4096
          },
          "sensitive_attributes": []
        }
      ]
    },
    {
      "module": "module.security_group",
      "mode": "managed",
      "type": "aws_security_group",
      "name": "aws-sg-load-balancer",
      "provider": "provider[\"registry.terraform.io/hashicorp/aws\"]",
      "instances": [
        {
          "schema_version": 1,
          "attributes": {
            "arn": "arn:aws:ec2:eu-west-2:525427866192:security-group/sg-0fe65cc854c6b11a3",
            "description": "Allow incoming connections for load balancer",
            "egress": [
              {
                "cidr_blocks": [
                  "0.0.0.0/0"
                ],
                "description": "",
                "from_port": 0,
                "ipv6_cidr_blocks": [],
                "prefix_list_ids": [],
                "protocol": "-1",
                "security_groups": [],
                "self": false,
                "to_port": 0
              }
            ],
            "id": "sg-0fe65cc854c6b11a3",
            "ingress": [
              {
                "cidr_blocks": [
                  "0.0.0.0/0"
                ],
                "description": "Allow incoming HTTP connections",
                "from_port": 80,
                "ipv6_cidr_blocks": [],
                "prefix_list_ids": [],
                "protocol": "tcp",
                "security_groups": [],
                "self": false,
                "to_port": 80
              },
              {
                "cidr_blocks": [
                  "0.0.0.0/0"
                ],
                "description": "Allow incoming SSH connections (Linux)",
                "from_port": 22,
                "ipv6_cidr_blocks": [],
                "prefix_list_ids": [],
                "protocol": "tcp",
                "security_groups": [],
                "self": false,
                "to_port": 22
              }
            ],
            "name": "aws-sg-load-balancer",
            "name_prefix": "",
            "owner_id": "525427866192",
            "revoke_rules_on_delete": false,
            "tags": {
              "Name": "load-balancer-sg"
            },
            "tags_all": {
              "Name": "load-balancer-sg"
            },
            "timeouts": null,
            "vpc_id": "vpc-0cbe35c5065ae7491"
          },
          "sensitive_attributes": [],
          "private": "eyJlMmJmYjczMC1lY2FhLTExZTYtOGY4OC0zNDM2M2JjN2M0YzAiOnsiY3JlYXRlIjo2MDAwMDAwMDAwMDAsImRlbGV0ZSI6OTAwMDAwMDAwMDAwfSwic2NoZW1hX3ZlcnNpb24iOiIxIn0=",
          "dependencies": [
            "module.vpc.aws_default_vpc.default"
          ]
        }
      ]
    },
    {
      "module": "module.security_group",
      "mode": "managed",
      "type": "aws_security_group",
      "name": "aws-sg-webserver",
      "provider": "provider[\"registry.terraform.io/hashicorp/aws\"]",
      "instances": [
        {
          "schema_version": 1,
          "attributes": {
            "arn": "arn:aws:ec2:eu-west-2:525427866192:security-group/sg-0007e4150d55a0c73",
            "description": "Allow incoming connections",
            "egress": [
              {
                "cidr_blocks": [
                  "0.0.0.0/0"
                ],
                "description": "",
                "from_port": 0,
                "ipv6_cidr_blocks": [],
                "prefix_list_ids": [],
                "protocol": "-1",
                "security_groups": [],
                "self": false,
                "to_port": 0
              }
            ],
            "id": "sg-0007e4150d55a0c73",
            "ingress": [
              {
                "cidr_blocks": [],
                "description": "Allow incoming HTTP connections",
                "from_port": 80,
                "ipv6_cidr_blocks": [],
                "prefix_list_ids": [],
                "protocol": "tcp",
                "security_groups": [
                  "sg-0fe65cc854c6b11a3"
                ],
                "self": false,
                "to_port": 80
              },
              {
                "cidr_blocks": [],
                "description": "Allow incoming SSH connections (Linux)",
                "from_port": 22,
                "ipv6_cidr_blocks": [],
                "prefix_list_ids": [],
                "protocol": "tcp",
                "security_groups": [
                  "sg-0fe65cc854c6b11a3"
                ],
                "self": false,
                "to_port": 22
              }
            ],
            "name": "aws-sg-webserver",
            "name_prefix": "",
            "owner_id": "525427866192",
            "revoke_rules_on_delete": false,
            "tags": {
              "Name": "Webserver-sg"
            },
            "tags_all": {
              "Name": "Webserver-sg"
            },
            "timeouts": null,
            "vpc_id": "vpc-0cbe35c5065ae7491"
          },
          "sensitive_attributes": [],
          "private": "eyJlMmJmYjczMC1lY2FhLTExZTYtOGY4OC0zNDM2M2JjN2M0YzAiOnsiY3JlYXRlIjo2MDAwMDAwMDAwMDAsImRlbGV0ZSI6OTAwMDAwMDAwMDAwfSwic2NoZW1hX3ZlcnNpb24iOiIxIn0=",
          "dependencies": [
            "module.security_group.aws_security_group.aws-sg-load-balancer",
            "module.vpc.aws_default_vpc.default"
          ]
        }
      ]
    },
    {
      "module": "module.vpc",
      "mode": "managed",
      "type": "aws_default_subnet",
      "name": "default_az1",
      "provider": "provider[\"registry.terraform.io/hashicorp/aws\"]",
      "instances": [
        {
          "schema_version": 1,
          "attributes": {
            "arn": "arn:aws:ec2:eu-west-2:525427866192:subnet/subnet-04676c22b10a3dfdb",
            "assign_ipv6_address_on_creation": false,
            "availability_zone": "eu-west-2a",
            "availability_zone_id": "euw2-az2",
            "cidr_block": "172.31.16.0/20",
            "customer_owned_ipv4_pool": "",
            "enable_dns64": false,
            "enable_resource_name_dns_a_record_on_launch": false,
            "enable_resource_name_dns_aaaa_record_on_launch": false,
            "existing_default_subnet": true,
            "force_destroy": false,
            "id": "subnet-04676c22b10a3dfdb",
            "ipv6_cidr_block": "",
            "ipv6_cidr_block_association_id": "",
            "ipv6_native": false,
            "map_customer_owned_ip_on_launch": false,
            "map_public_ip_on_launch": true,
            "outpost_arn": "",
            "owner_id": "525427866192",
            "private_dns_hostname_type_on_launch": "ip-name",
            "tags": {
              "Name": "Default subnet for eu-west-2a"
            },
            "tags_all": {
              "Name": "Default subnet for eu-west-2a"
            },
            "timeouts": null,
            "vpc_id": "vpc-0cbe35c5065ae7491"
          },
          "sensitive_attributes": [],
          "private": "eyJlMmJmYjczMC1lY2FhLTExZTYtOGY4OC0zNDM2M2JjN2M0YzAiOnsiY3JlYXRlIjo2MDAwMDAwMDAwMDAsImRlbGV0ZSI6MTIwMDAwMDAwMDAwMH0sInNjaGVtYV92ZXJzaW9uIjoiMSJ9"
        }
      ]
    },
    {
      "module": "module.vpc",
      "mode": "managed",
      "type": "aws_default_subnet",
      "name": "default_az2",
      "provider": "provider[\"registry.terraform.io/hashicorp/aws\"]",
      "instances": [
        {
          "schema_version": 1,
          "attributes": {
            "arn": "arn:aws:ec2:eu-west-2:525427866192:subnet/subnet-0525edbadfb0fa735",
            "assign_ipv6_address_on_creation": false,
            "availability_zone": "eu-west-2b",
            "availability_zone_id": "euw2-az3",
            "cidr_block": "172.31.32.0/20",
            "customer_owned_ipv4_pool": "",
            "enable_dns64": false,
            "enable_resource_name_dns_a_record_on_launch": false,
            "enable_resource_name_dns_aaaa_record_on_launch": false,
            "existing_default_subnet": true,
            "force_destroy": false,
            "id": "subnet-0525edbadfb0fa735",
            "ipv6_cidr_block": "",
            "ipv6_cidr_block_association_id": "",
            "ipv6_native": false,
            "map_customer_owned_ip_on_launch": false,
            "map_public_ip_on_launch": true,
            "outpost_arn": "",
            "owner_id": "525427866192",
            "private_dns_hostname_type_on_launch": "ip-name",
            "tags": {
              "Name": "Default subnet for eu-west-2b"
            },
            "tags_all": {
              "Name": "Default subnet for eu-west-2b"
            },
            "timeouts": null,
            "vpc_id": "vpc-0cbe35c5065ae7491"
          },
          "sensitive_attributes": [],
          "private": "eyJlMmJmYjczMC1lY2FhLTExZTYtOGY4OC0zNDM2M2JjN2M0YzAiOnsiY3JlYXRlIjo2MDAwMDAwMDAwMDAsImRlbGV0ZSI6MTIwMDAwMDAwMDAwMH0sInNjaGVtYV92ZXJzaW9uIjoiMSJ9"
        }
      ]
    },
    {
      "module": "module.vpc",
      "mode": "managed",
      "type": "aws_default_subnet",
      "name": "default_az3",
      "provider": "provider[\"registry.terraform.io/hashicorp/aws\"]",
      "instances": [
        {
          "schema_version": 1,
          "attributes": {
            "arn": "arn:aws:ec2:eu-west-2:525427866192:subnet/subnet-0fb5e2ba3eb0f5b96",
            "assign_ipv6_address_on_creation": false,
            "availability_zone": "eu-west-2c",
            "availability_zone_id": "euw2-az1",
            "cidr_block": "172.31.0.0/20",
            "customer_owned_ipv4_pool": "",
            "enable_dns64": false,
            "enable_resource_name_dns_a_record_on_launch": false,
            "enable_resource_name_dns_aaaa_record_on_launch": false,
            "existing_default_subnet": true,
            "force_destroy": false,
            "id": "subnet-0fb5e2ba3eb0f5b96",
            "ipv6_cidr_block": "",
            "ipv6_cidr_block_association_id": "",
            "ipv6_native": false,
            "map_customer_owned_ip_on_launch": false,
            "map_public_ip_on_launch": true,
            "outpost_arn": "",
            "owner_id": "525427866192",
            "private_dns_hostname_type_on_launch": "ip-name",
            "tags": {
              "Name": "Default subnet for eu-west-2c"
            },
            "tags_all": {
              "Name": "Default subnet for eu-west-2c"
            },
            "timeouts": null,
            "vpc_id": "vpc-0cbe35c5065ae7491"
          },
          "sensitive_attributes": [],
          "private": "eyJlMmJmYjczMC1lY2FhLTExZTYtOGY4OC0zNDM2M2JjN2M0YzAiOnsiY3JlYXRlIjo2MDAwMDAwMDAwMDAsImRlbGV0ZSI6MTIwMDAwMDAwMDAwMH0sInNjaGVtYV92ZXJzaW9uIjoiMSJ9"
        }
      ]
    },
    {
      "module": "module.vpc",
      "mode": "managed",
      "type": "aws_default_vpc",
      "name": "default",
      "provider": "provider[\"registry.terraform.io/hashicorp/aws\"]",
      "instances": [
        {
          "schema_version": 1,
          "attributes": {
            "arn": "arn:aws:ec2:eu-west-2:525427866192:vpc/vpc-0cbe35c5065ae7491",
            "assign_generated_ipv6_cidr_block": false,
            "cidr_block": "172.31.0.0/16",
            "default_network_acl_id": "acl-00169840022dd78b0",
            "default_route_table_id": "rtb-0e5c96c5cda003ed3",
            "default_security_group_id": "sg-0dab409f107be1d18",
            "dhcp_options_id": "dopt-0044da238e085dfb0",
            "enable_classiclink": false,
            "enable_classiclink_dns_support": false,
            "enable_dns_hostnames": true,
            "enable_dns_support": true,
            "enable_network_address_usage_metrics": false,
            "existing_default_vpc": true,
            "force_destroy": false,
            "id": "vpc-0cbe35c5065ae7491",
            "instance_tenancy": "default",
            "ipv6_association_id": "",
            "ipv6_cidr_block": "",
            "ipv6_cidr_block_network_border_group": "",
            "ipv6_ipam_pool_id": "",
            "ipv6_netmask_length": 0,
            "main_route_table_id": "rtb-0e5c96c5cda003ed3",
            "owner_id": "525427866192",
            "tags": null,
            "tags_all": null
          },
          "sensitive_attributes": [],
          "private": "eyJzY2hlbWFfdmVyc2lvbiI6IjEifQ==",
          "create_before_destroy": true
        }
      ]
    }
  ],
  "check_results": null
}
